
Microsoft Visual Studio Solution File, Format Version 11.00
# Visual Basic Express 2010
Project("{F184B08F-C81C-45F6-A57F-5ABD9991F28F}") = "DSETUP generator", "DSETUP generator\DSETUP generator.vbproj", "{52C5E5E3-7320-45D1-B086-6C868390B1B8}"
EndProject
Global
	GlobalSection(SolutionConfigurationPlatforms) = preSolution
		Debug|x86 = Debug|x86
		Release|x86 = Release|x86
	EndGlobalSection
	GlobalSection(ProjectConfigurationPlatforms) = postSolution
		{52C5E5E3-7320-45D1-B086-6C868390B1B8}.Debug|x86.ActiveCfg = Debug|x86
		{52C5E5E3-7320-45D1-B086-6C868390B1B8}.Debug|x86.Build.0 = Debug|x86
		{52C5E5E3-7320-45D1-B086-6C868390B1B8}.Release|x86.ActiveCfg = Release|x86
		{52C5E5E3-7320-45D1-B086-6C868390B1B8}.Release|x86.Build.0 = Release|x86
	EndGlobalSection
	GlobalSection(SolutionProperties) = preSolution
		HideSolutionNode = FALSE
	EndGlobalSection
EndGlobal
